
Microsoft Visual Studio Solution File, Format Version 12.00
# Visual Studio Version 16
VisualStudioVersion = 16.0.29521.150
MinimumVisualStudioVersion = 10.0.40219.1
Project("{FAE04EC0-301F-11D3-BF4B-00C04F79EFBC}") = "DatabaseSizeApplication", "DatabaseSizeApplication\DatabaseSizeApplication.csproj", "{F476D493-B0A9-442C-8381-110E32D979BE}"
EndProject
Global
	GlobalSection(SolutionConfigurationPlatforms) = preSolution
		Debug|Any CPU = Debug|Any CPU
		Release|Any CPU = Release|Any CPU
	EndGlobalSection
	GlobalSection(ProjectConfigurationPlatforms) = postSolution
		{F476D493-B0A9-442C-8381-110E32D979BE}.Debug|Any CPU.ActiveCfg = Debug|Any CPU
		{F476D493-B0A9-442C-8381-110E32D979BE}.Debug|Any CPU.Build.0 = Debug|Any CPU
		{F476D493-B0A9-442C-8381-110E32D979BE}.Release|Any CPU.ActiveCfg = Release|Any CPU
		{F476D493-B0A9-442C-8381-110E32D979BE}.Release|Any CPU.Build.0 = Release|Any CPU
	EndGlobalSection
	GlobalSection(SolutionProperties) = preSolution
		HideSolutionNode = FALSE
	EndGlobalSection
	GlobalSection(ExtensibilityGlobals) = postSolution
		SolutionGuid = {937D5D23-64C1-44BA-8961-C3C5C443A0DA}
	EndGlobalSection
EndGlobal
